
Microsoft Visual Studio Solution File, Format Version 12.00
# Visual Studio Version 16
VisualStudioVersion = 16.0.31624.102
MinimumVisualStudioVersion = 10.0.40219.1
Project("{FAE04EC0-301F-11D3-BF4B-00C04F79EFBC}") = "Reastaurant-System", "Reastaurant-System\Reastaurant-System.csproj", "{1A599B70-D0B0-4C48-BC80-82CA35BA3C04}"
EndProject
Global
	GlobalSection(SolutionConfigurationPlatforms) = preSolution
		Debug|Any CPU = Debug|Any CPU
		Release|Any CPU = Release|Any CPU
	EndGlobalSection
	GlobalSection(ProjectConfigurationPlatforms) = postSolution
		{1A599B70-D0B0-4C48-BC80-82CA35BA3C04}.Debug|Any CPU.ActiveCfg = Debug|Any CPU
		{1A599B70-D0B0-4C48-BC80-82CA35BA3C04}.Debug|Any CPU.Build.0 = Debug|Any CPU
		{1A599B70-D0B0-4C48-BC80-82CA35BA3C04}.Release|Any CPU.ActiveCfg = Release|Any CPU
		{1A599B70-D0B0-4C48-BC80-82CA35BA3C04}.Release|Any CPU.Build.0 = Release|Any CPU
	EndGlobalSection
	GlobalSection(SolutionProperties) = preSolution
		HideSolutionNode = FALSE
	EndGlobalSection
	GlobalSection(ExtensibilityGlobals) = postSolution
		SolutionGuid = {0EED6B9A-492F-43B3-8268-A32808D5A137}
	EndGlobalSection
EndGlobal
